{
  "name": "@demuxe/provider-shaka",
  "version": "1.1.0",
  "lockfileVersion": 3,
  "requires": true,
  "packages": {
    "": {
      "name": "@demuxe/provider-shaka",
      "version": "1.1.0",
      "license": "Apache-2.0 AND MIT",
      "devDependencies": {
        "shaka-player": "5.2.11"
      },
      "peerDependencies": {
        "demuxe": "1.1.0"
      }
    },
    "node_modules/shaka-player": {
      "version": "5.2.11",
      "resolved": "https://registry.npmjs.org/shaka-player/-/shaka-player-5.2.11.tgz",
      "integrity": "sha512-C9WvYtH5cWKBCUXWFzbKWcgMYSRviGPd+1WWYjS55dXGHyMHeD5mub3vvjOzX2Q6o/bu4N5xlXOnVeg9ajp+Sw==",
      "dev": true,
      "license": "Apache-2.0",
      "engines": {
        "node": ">=18"
      }
    }
  }
}
